
Microsoft Visual Studio Solution File, Format Version 12.00
# Visual Studio Version 17
VisualStudioVersion = 17.9.34714.143
MinimumVisualStudioVersion = 10.0.40219.1
Project("{FAE04EC0-301F-11D3-BF4B-00C04F79EFBC}") = "VitaFlow.Presenation", "VitaFlow.Presenation\VitaFlow.Presenation.csproj", "{76A70346-593F-452A-B398-A2F4D7A9C872}"
EndProject
Project("{FAE04EC0-301F-11D3-BF4B-00C04F79EFBC}") = "VitaFlow.Application", "VitaFlow.Application\VitaFlow.Application.csproj", "{A74FEDEA-6E5F-4C1A-ADB9-60EEA53DD9B2}"
EndProject
Project("{FAE04EC0-301F-11D3-BF4B-00C04F79EFBC}") = "VitaFlow.Domain", "VitaFlow.Domain\VitaFlow.Domain.csproj", "{7399E33E-7867-42D8-94D6-DBFB259514BB}"
EndProject
Project("{FAE04EC0-301F-11D3-BF4B-00C04F79EFBC}") = "VitaFlow.Infrastructure", "VitaFlow.Infrastructure\VitaFlow.Infrastructure.csproj", "{114A9262-F705-4470-B937-2255C84C0A9A}"
EndProject
Global
	GlobalSection(SolutionConfigurationPlatforms) = preSolution
		Debug|Any CPU = Debug|Any CPU
		Release|Any CPU = Release|Any CPU
	EndGlobalSection
	GlobalSection(ProjectConfigurationPlatforms) = postSolution
		{76A70346-593F-452A-B398-A2F4D7A9C872}.Debug|Any CPU.ActiveCfg = Debug|Any CPU
		{76A70346-593F-452A-B398-A2F4D7A9C872}.Debug|Any CPU.Build.0 = Debug|Any CPU
		{76A70346-593F-452A-B398-A2F4D7A9C872}.Release|Any CPU.ActiveCfg = Release|Any CPU
		{76A70346-593F-452A-B398-A2F4D7A9C872}.Release|Any CPU.Build.0 = Release|Any CPU
		{A74FEDEA-6E5F-4C1A-ADB9-60EEA53DD9B2}.Debug|Any CPU.ActiveCfg = Debug|Any CPU
		{A74FEDEA-6E5F-4C1A-ADB9-60EEA53DD9B2}.Debug|Any CPU.Build.0 = Debug|Any CPU
		{A74FEDEA-6E5F-4C1A-ADB9-60EEA53DD9B2}.Release|Any CPU.ActiveCfg = Release|Any CPU
		{A74FEDEA-6E5F-4C1A-ADB9-60EEA53DD9B2}.Release|Any CPU.Build.0 = Release|Any CPU
		{7399E33E-7867-42D8-94D6-DBFB259514BB}.Debug|Any CPU.ActiveCfg = Debug|Any CPU
		{7399E33E-7867-42D8-94D6-DBFB259514BB}.Debug|Any CPU.Build.0 = Debug|Any CPU
		{7399E33E-7867-42D8-94D6-DBFB259514BB}.Release|Any CPU.ActiveCfg = Release|Any CPU
		{7399E33E-7867-42D8-94D6-DBFB259514BB}.Release|Any CPU.Build.0 = Release|Any CPU
		{114A9262-F705-4470-B937-2255C84C0A9A}.Debug|Any CPU.ActiveCfg = Debug|Any CPU
		{114A9262-F705-4470-B937-2255C84C0A9A}.Debug|Any CPU.Build.0 = Debug|Any CPU
		{114A9262-F705-4470-B937-2255C84C0A9A}.Release|Any CPU.ActiveCfg = Release|Any CPU
		{114A9262-F705-4470-B937-2255C84C0A9A}.Release|Any CPU.Build.0 = Release|Any CPU
	EndGlobalSection
	GlobalSection(SolutionProperties) = preSolution
		HideSolutionNode = FALSE
	EndGlobalSection
	GlobalSection(ExtensibilityGlobals) = postSolution
		SolutionGuid = {D21D3BCA-B5D6-46BD-AB12-1F3E7DDDE6BC}
	EndGlobalSection
EndGlobal
