
Microsoft Visual Studio Solution File, Format Version 12.00
# Visual Studio Version 17
VisualStudioVersion = 17.13.35931.197
MinimumVisualStudioVersion = 10.0.40219.1
Project("{FAE04EC0-301F-11D3-BF4B-00C04F79EFBC}") = "Shopinv", "Aarogyabhumi\Shopinv.csproj", "{B8A4A11B-21C6-4837-808C-06B614B74BED}"
EndProject
Global
	GlobalSection(SolutionConfigurationPlatforms) = preSolution
		Debug|Any CPU = Debug|Any CPU
		Release|Any CPU = Release|Any CPU
	EndGlobalSection
	GlobalSection(ProjectConfigurationPlatforms) = postSolution
		{B8A4A11B-21C6-4837-808C-06B614B74BED}.Debug|Any CPU.ActiveCfg = Debug|Any CPU
		{B8A4A11B-21C6-4837-808C-06B614B74BED}.Debug|Any CPU.Build.0 = Debug|Any CPU
		{B8A4A11B-21C6-4837-808C-06B614B74BED}.Release|Any CPU.ActiveCfg = Release|Any CPU
		{B8A4A11B-21C6-4837-808C-06B614B74BED}.Release|Any CPU.Build.0 = Release|Any CPU
	EndGlobalSection
	GlobalSection(SolutionProperties) = preSolution
		HideSolutionNode = FALSE
	EndGlobalSection
	GlobalSection(ExtensibilityGlobals) = postSolution
		SolutionGuid = {903FDDB1-75A3-4C51-91C9-E1EB90B4C636}
	EndGlobalSection
EndGlobal
